
Microsoft Visual Studio Solution File, Format Version 12.00
# Visual Studio 15
VisualStudioVersion = 15.0.28307.960
MinimumVisualStudioVersion = 10.0.40219.1
Project("{9A19103F-16F7-4668-BE54-9A1E7A4F7556}") = "Senai.InLock.WebApi", "Senai.InLock.WebApi\Senai.InLock.WebApi.csproj", "{B8A34165-C610-4AE0-BDE5-776A1095B093}"
EndProject
Global
	GlobalSection(SolutionConfigurationPlatforms) = preSolution
		Debug|Any CPU = Debug|Any CPU
		Release|Any CPU = Release|Any CPU
	EndGlobalSection
	GlobalSection(ProjectConfigurationPlatforms) = postSolution
		{B8A34165-C610-4AE0-BDE5-776A1095B093}.Debug|Any CPU.ActiveCfg = Debug|Any CPU
		{B8A34165-C610-4AE0-BDE5-776A1095B093}.Debug|Any CPU.Build.0 = Debug|Any CPU
		{B8A34165-C610-4AE0-BDE5-776A1095B093}.Release|Any CPU.ActiveCfg = Release|Any CPU
		{B8A34165-C610-4AE0-BDE5-776A1095B093}.Release|Any CPU.Build.0 = Release|Any CPU
	EndGlobalSection
	GlobalSection(SolutionProperties) = preSolution
		HideSolutionNode = FALSE
	EndGlobalSection
	GlobalSection(ExtensibilityGlobals) = postSolution
		SolutionGuid = {7917940B-4213-4DC2-81E1-2EAFB4CB02A0}
	EndGlobalSection
EndGlobal
